// !$*UTF8*$!
{
	archiveVersion = 1;
	classes = {
	};
	objectVersion = 50;
	objects = {

/* Begin PBXBuildFile section */
		2EEAA67C7D44719D3580BCEB /* Pods_JTCalendar_Implementation.framework in Frameworks */ = {isa = PBXBuildFile; fileRef = FDD04C370092F8FF926127F0 /* Pods_JTCalendar_Implementation.framework */; };
		4B917FE72209E9CD005BA346 /* AppDelegate.swift in Sources */ = {isa = PBXBuildFile; fileRef = 4B917FE62209E9CD005BA346 /* AppDelegate.swift */; };
		4B917FE92209E9CD005BA346 /* ViewController.swift in Sources */ = {isa = PBXBuildFile; fileRef = 4B917FE82209E9CD005BA346 /* ViewController.swift */; };
		4B917FEC2209E9CD005BA346 /* Main.storyboard in Resources */ = {isa = PBXBuildFile; fileRef = 4B917FEA2209E9CD005BA346 /* Main.storyboard */; };
		4B917FEF2209E9CD005BA346 /* JTCalendar_Implementation.xcdatamodeld in Sources */ = {isa = PBXBuildFile; fileRef = 4B917FED2209E9CD005BA346 /* JTCalendar_Implementation.xcdatamodeld */; };
		4B917FF12209E9CE005BA346 /* Assets.xcassets in Resources */ = {isa = PBXBuildFile; fileRef = 4B917FF02209E9CE005BA346 /* Assets.xcassets */; };
		4B917FF42209E9CE005BA346 /* LaunchScreen.storyboard in Resources */ = {isa = PBXBuildFile; fileRef = 4B917FF22209E9CE005BA346 /* LaunchScreen.storyboard */; };
		4B917FFC2209EC57005BA346 /* CalendarDayCell.swift in Sources */ = {isa = PBXBuildFile; fileRef = 4B917FFB2209EC57005BA346 /* CalendarDayCell.swift */; };
/* End PBXBuildFile section */

/* Begin PBXFileReference section */
		4B917FE32209E9CD005BA346 /* JTCalendar Implementation.app */ = {isa = PBXFileReference; explicitFileType = wrapper.application; includeInIndex = 0; path = "JTCalendar Implementation.app"; sourceTree = BUILT_PRODUCTS_DIR; };
		4B917FE62209E9CD005BA346 /* AppDelegate.swift */ = {isa = PBXFileReference; lastKnownFileType = sourcecode.swift; path = AppDelegate.swift; sourceTree = "<group>"; };
		4B917FE82209E9CD005BA346 /* ViewController.swift */ = {isa = PBXFileReference; lastKnownFileType = sourcecode.swift; path = ViewController.swift; sourceTree = "<group>"; };
		4B917FEB2209E9CD005BA346 /* Base */ = {isa = PBXFileReference; lastKnownFileType = file.storyboard; name = Base; path = Base.lproj/Main.storyboard; sourceTree = "<group>"; };
		4B917FEE2209E9CD005BA346 /* JTCalendar_Implementation.xcdatamodel */ = {isa = PBXFileReference; lastKnownFileType = wrapper.xcdatamodel; path = JTCalendar_Implementation.xcdatamodel; sourceTree = "<group>"; };
		4B917FF02209E9CE005BA346 /* Assets.xcassets */ = {isa = PBXFileReference; lastKnownFileType = folder.assetcatalog; path = Assets.xcassets; sourceTree = "<group>"; };
		4B917FF32209E9CE005BA346 /* Base */ = {isa = PBXFileReference; lastKnownFileType = file.storyboard; name = Base; path = Base.lproj/LaunchScreen.storyboard; sourceTree = "<group>"; };
		4B917FF52209E9CE005BA346 /* Info.plist */ = {isa = PBXFileReference; lastKnownFileType = text.plist.xml; path = Info.plist; sourceTree = "<group>"; };
		4B917FFB2209EC57005BA346 /* CalendarDayCell.swift */ = {isa = PBXFileReference; lastKnownFileType = sourcecode.swift; path = CalendarDayCell.swift; sourceTree = "<group>"; };
		655D855EB6EDD72087FB01E2 /* Pods-JTCalendar Implementation.debug.xcconfig */ = {isa = PBXFileReference; includeInIndex = 1; lastKnownFileType = text.xcconfig; name = "Pods-JTCalendar Implementation.debug.xcconfig"; path = "Pods/Target Support Files/Pods-JTCalendar Implementation/Pods-JTCalendar Implementation.debug.xcconfig"; sourceTree = "<group>"; };
		67C411BCE65EF30EEFC534DE /* Pods-JTCalendar Implementation.release.xcconfig */ = {isa = PBXFileReference; includeInIndex = 1; lastKnownFileType = text.xcconfig; name = "Pods-JTCalendar Implementation.release.xcconfig"; path = "Pods/Target Support Files/Pods-JTCalendar Implementation/Pods-JTCalendar Implementation.release.xcconfig"; sourceTree = "<group>"; };
		FDD04C370092F8FF926127F0 /* Pods_JTCalendar_Implementation.framework */ = {isa = PBXFileReference; explicitFileType = wrapper.framework; includeInIndex = 0; path = Pods_JTCalendar_Implementation.framework; sourceTree = BUILT_PRODUCTS_DIR; };
/* End PBXFileReference section */

/* Begin PBXFrameworksBuildPhase section */
		4B917FE02209E9CD005BA346 /* Frameworks */ = {
			isa = PBXFrameworksBuildPhase;
			buildActionMask = 2147483647;
			files = (
				2EEAA67C7D44719D3580BCEB /* Pods_JTCalendar_Implementation.framework in Frameworks */,
			);
			runOnlyForDeploymentPostprocessing = 0;
		};
/* End PBXFrameworksBuildPhase section */

/* Begin PBXGroup section */
		2B07F19A8FB3EAA562C6FD9C /* Frameworks */ = {
			isa = PBXGroup;
			children = (
				FDD04C370092F8FF926127F0 /* Pods_JTCalendar_Implementation.framework */,
			);
			name = Frameworks;
			sourceTree = "<group>";
		};
		4B917FDA2209E9CD005BA346 = {
			isa = PBXGroup;
			children = (
				4B917FE52209E9CD005BA346 /* JTCalendar Implementation */,
				4B917FE42209E9CD005BA346 /* Products */,
				687237592A196DAE64BA6594 /* Pods */,
				2B07F19A8FB3EAA562C6FD9C /* Frameworks */,
			);
			sourceTree = "<group>";
		};
		4B917FE42209E9CD005BA346 /* Products */ = {
			isa = PBXGroup;
			children = (
				4B917FE32209E9CD005BA346 /* JTCalendar Implementation.app */,
			);
			name = Products;
			sourceTree = "<group>";
		};
		4B917FE52209E9CD005BA346 /* JTCalendar Implementation */ = {
			isa = PBXGroup;
			children = (
				4B917FE62209E9CD005BA346 /* AppDelegate.swift */,
				4B917FE82209E9CD005BA346 /* ViewController.swift */,
				4B917FEA2209E9CD005BA346 /* Main.storyboard */,
				4B917FF02209E9CE005BA346 /* Assets.xcassets */,
				4B917FF22209E9CE005BA346 /* LaunchScreen.storyboard */,
				4B917FF52209E9CE005BA346 /* Info.plist */,
				4B917FED2209E9CD005BA346 /* JTCalendar_Implementation.xcdatamodeld */,
				4B917FFB2209EC57005BA346 /* CalendarDayCell.swift */,
			);
			path = "JTCalendar Implementation";
			sourceTree = "<group>";
		};
		687237592A196DAE64BA6594 /* Pods */ = {
			isa = PBXGroup;
			children = (
				655D855EB6EDD72087FB01E2 /* Pods-JTCalendar Implementation.debug.xcconfig */,
				67C411BCE65EF30EEFC534DE /* Pods-JTCalendar Implementation.release.xcconfig */,
			);
			name = Pods;
			sourceTree = "<group>";
		};
/* End PBXGroup section */

/* Begin PBXNativeTarget section */
		4B917FE22209E9CD005BA346 /* JTCalendar Implementation */ = {
			isa = PBXNativeTarget;
			buildConfigurationList = 4B917FF82209E9CE005BA346 /* Build configuration list for PBXNativeTarget "JTCalendar Implementation" */;
			buildPhases = (
				CCCE7461CB120AF995745208 /* [CP] Check Pods Manifest.lock */,
				4B917FDF2209E9CD005BA346 /* Sources */,
				4B917FE02209E9CD005BA346 /* Frameworks */,
				4B917FE12209E9CD005BA346 /* Resources */,
				D5F39ACBD2CC97031DF96B5C /* [CP] Embed Pods Frameworks */,
			);
			buildRules = (
			);
			dependencies = (
			);
			name = "JTCalendar Implementation";
			productName = "JTCalendar Implementation";
			productReference = 4B917FE32209E9CD005BA346 /* JTCalendar Implementation.app */;
			productType = "com.apple.product-type.application";
		};
/* End PBXNativeTarget section */

/* Begin PBXProject section */
		4B917FDB2209E9CD005BA346 /* Project object */ = {
			isa = PBXProject;
			attributes = {
				LastSwiftUpdateCheck = 1010;
				LastUpgradeCheck = 1010;
				ORGANIZATIONNAME = Abhimantra;
				TargetAttributes = {
					4B917FE22209E9CD005BA346 = {
						CreatedOnToolsVersion = 10.1;
					};
				};
			};
			buildConfigurationList = 4B917FDE2209E9CD005BA346 /* Build configuration list for PBXProject "JTCalendar Implementation" */;
			compatibilityVersion = "Xcode 9.3";
			developmentRegion = en;
			hasScannedForEncodings = 0;
			knownRegions = (
				en,
				Base,
			);
			mainGroup = 4B917FDA2209E9CD005BA346;
			productRefGroup = 4B917FE42209E9CD005BA346 /* Products */;
			projectDirPath = "";
			projectRoot = "";
			targets = (
				4B917FE22209E9CD005BA346 /* JTCalendar Implementation */,
			);
		};
/* End PBXProject section */

/* Begin PBXResourcesBuildPhase section */
		4B917FE12209E9CD005BA346 /* Resources */ = {
			isa = PBXResourcesBuildPhase;
			buildActionMask = 2147483647;
			files = (
				4B917FF42209E9CE005BA346 /* LaunchScreen.storyboard in Resources */,
				4B917FF12209E9CE005BA346 /* Assets.xcassets in Resources */,
				4B917FEC2209E9CD005BA346 /* Main.storyboard in Resources */,
			);
			runOnlyForDeploymentPostprocessing = 0;
		};
/* End PBXResourcesBuildPhase section */

/* Begin PBXShellScriptBuildPhase section */
		CCCE7461CB120AF995745208 /* [CP] Check Pods Manifest.lock */ = {
			isa = PBXShellScriptBuildPhase;
			buildActionMask = 2147483647;
			files = (
			);
			inputPaths = (
				"${PODS_PODFILE_DIR_PATH}/Podfile.lock",
				"${PODS_ROOT}/Manifest.lock",
			);
			name = "[CP] Check Pods Manifest.lock";
			outputPaths = (
				"$(DERIVED_FILE_DIR)/Pods-JTCalendar Implementation-checkManifestLockResult.txt",
			);
			runOnlyForDeploymentPostprocessing = 0;
			shellPath = /bin/sh;
			shellScript = "diff \"${PODS_PODFILE_DIR_PATH}/Podfile.lock\" \"${PODS_ROOT}/Manifest.lock\" > /dev/null\nif [ $? != 0 ] ; then\n    # print error to STDERR\n    echo \"error: The sandbox is not in sync with the Podfile.lock. Run 'pod install' or update your CocoaPods installation.\" >&2\n    exit 1\nfi\n# This output is used by Xcode 'outputs' to avoid re-running this script phase.\necho \"SUCCESS\" > \"${SCRIPT_OUTPUT_FILE_0}\"\n";
			showEnvVarsInLog = 0;
		};
		D5F39ACBD2CC97031DF96B5C /* [CP] Embed Pods Frameworks */ = {
			isa = PBXShellScriptBuildPhase;
			buildActionMask = 2147483647;
			files = (
			);
			inputPaths = (
				"${SRCROOT}/Pods/Target Support Files/Pods-JTCalendar Implementation/Pods-JTCalendar Implementation-frameworks.sh",
				"${BUILT_PRODUCTS_DIR}/JTAppleCalendar/JTAppleCalendar.framework",
			);
			name = "[CP] Embed Pods Frameworks";
			outputPaths = (
				"${TARGET_BUILD_DIR}/${FRAMEWORKS_FOLDER_PATH}/JTAppleCalendar.framework",
			);
			runOnlyForDeploymentPostprocessing = 0;
			shellPath = /bin/sh;
			shellScript = "\"${SRCROOT}/Pods/Target Support Files/Pods-JTCalendar Implementation/Pods-JTCalendar Implementation-frameworks.sh\"\n";
			showEnvVarsInLog = 0;
		};
/* End PBXShellScriptBuildPhase section */

/* Begin PBXSourcesBuildPhase section */
		4B917FDF2209E9CD005BA346 /* Sources */ = {
			isa = PBXSourcesBuildPhase;
			buildActionMask = 2147483647;
			files = (
				4B917FE92209E9CD005BA346 /* ViewController.swift in Sources */,
				4B917FEF2209E9CD005BA346 /* JTCalendar_Implementation.xcdatamodeld in Sources */,
				4B917FE72209E9CD005BA346 /* AppDelegate.swift in Sources */,
				4B917FFC2209EC57005BA346 /* CalendarDayCell.swift in Sources */,
			);
			runOnlyForDeploymentPostprocessing = 0;
		};
/* End PBXSourcesBuildPhase section */

/* Begin PBXVariantGroup section */
		4B917FEA2209E9CD005BA346 /* Main.storyboard */ = {
			isa = PBXVariantGroup;
			children = (
				4B917FEB2209E9CD005BA346 /* Base */,
			);
			name = Main.storyboard;
			sourceTree = "<group>";
		};
		4B917FF22209E9CE005BA346 /* LaunchScreen.storyboard */ = {
			isa = PBXVariantGroup;
			children = (
				4B917FF32209E9CE005BA346 /* Base */,
			);
			name = LaunchScreen.storyboard;
			sourceTree = "<group>";
		};
/* End PBXVariantGroup section */

/* Begin XCBuildConfiguration section */
		4B917FF62209E9CE005BA346 /* Debug */ = {
			isa = XCBuildConfiguration;
			buildSettings = {
				ALWAYS_SEARCH_USER_PATHS = NO;
				CLANG_ANALYZER_NONNULL = YES;
				CLANG_ANALYZER_NUMBER_OBJECT_CONVERSION = YES_AGGRESSIVE;
				CLANG_CXX_LANGUAGE_STANDARD = "gnu++14";
				CLANG_CXX_LIBRARY = "libc++";
				CLANG_ENABLE_MODULES = YES;
				CLANG_ENABLE_OBJC_ARC = YES;
				CLANG_ENABLE_OBJC_WEAK = YES;
				CLANG_WARN_BLOCK_CAPTURE_AUTORELEASING = YES;
				CLANG_WARN_BOOL_CONVERSION = YES;
				CLANG_WARN_COMMA = YES;
				CLANG_WARN_CONSTANT_CONVERSION = YES;
				CLANG_WARN_DEPRECATED_OBJC_IMPLEMENTATIONS = YES;
				CLANG_WARN_DIRECT_OBJC_ISA_USAGE = YES_ERROR;
				CLANG_WARN_DOCUMENTATION_COMMENTS = YES;
				CLANG_WARN_EMPTY_BODY = YES;
				CLANG_WARN_ENUM_CONVERSION = YES;
				CLANG_WARN_INFINITE_RECURSION = YES;
				CLANG_WARN_INT_CONVERSION = YES;
				CLANG_WARN_NON_LITERAL_NULL_CONVERSION = YES;
				CLANG_WARN_OBJC_IMPLICIT_RETAIN_SELF = YES;
				CLANG_WARN_OBJC_LITERAL_CONVERSION = YES;
				CLANG_WARN_OBJC_ROOT_CLASS = YES_ERROR;
				CLANG_WARN_RANGE_LOOP_ANALYSIS = YES;
				CLANG_WARN_STRICT_PROTOTYPES = YES;
				CLANG_WARN_SUSPICIOUS_MOVE = YES;
				CLANG_WARN_UNGUARDED_AVAILABILITY = YES_AGGRESSIVE;
				CLANG_WARN_UNREACHABLE_CODE = YES;
				CLANG_WARN__DUPLICATE_METHOD_MATCH = YES;
				CODE_SIGN_IDENTITY = "iPhone Developer";
				COPY_PHASE_STRIP = NO;
				DEBUG_INFORMATION_FORMAT = dwarf;
				ENABLE_STRICT_OBJC_MSGSEND = YES;
				ENABLE_TESTABILITY = YES;
				GCC_C_LANGUAGE_STANDARD = gnu11;
				GCC_DYNAMIC_NO_PIC = NO;
				GCC_NO_COMMON_BLOCKS = YES;
				GCC_OPTIMIZATION_LEVEL = 0;
				GCC_PREPROCESSOR_DEFINITIONS = (
					"DEBUG=1",
					"$(inherited)",
				);
				GCC_WARN_64_TO_32_BIT_CONVERSION = YES;
				GCC_WARN_ABOUT_RETURN_TYPE = YES_ERROR;
				GCC_WARN_UNDECLARED_SELECTOR = YES;
				GCC_WARN_UNINITIALIZED_AUTOS = YES_AGGRESSIVE;
				GCC_WARN_UNUSED_FUNCTION = YES;
				GCC_WARN_UNUSED_VARIABLE = YES;
				IPHONEOS_DEPLOYMENT_TARGET = 12.1;
				MTL_ENABLE_DEBUG_INFO = INCLUDE_SOURCE;
				MTL_FAST_MATH = YES;
				ONLY_ACTIVE_ARCH = YES;
				SDKROOT = iphoneos;
				SWIFT_ACTIVE_COMPILATION_CONDITIONS = DEBUG;
				SWIFT_OPTIMIZATION_LEVEL = "-Onone";
			};
			name = Debug;
		};
		4B917FF72209E9CE005BA346 /* Release */ = {
			isa = XCBuildConfiguration;
			buildSettings = {
				ALWAYS_SEARCH_USER_PATHS = NO;
				CLANG_ANALYZER_NONNULL = YES;
				CLANG_ANALYZER_NUMBER_OBJECT_CONVERSION = YES_AGGRESSIVE;
				CLANG_CXX_LANGUAGE_STANDARD = "gnu++14";
				CLANG_CXX_LIBRARY = "libc++";
				CLANG_ENABLE_MODULES = YES;
				CLANG_ENABLE_OBJC_ARC = YES;
				CLANG_ENABLE_OBJC_WEAK = YES;
				CLANG_WARN_BLOCK_CAPTURE_AUTORELEASING = YES;
				CLANG_WARN_BOOL_CONVERSION = YES;
				CLANG_WARN_COMMA = YES;
				CLANG_WARN_CONSTANT_CONVERSION = YES;
				CLANG_WARN_DEPRECATED_OBJC_IMPLEMENTATIONS = YES;
				CLANG_WARN_DIRECT_OBJC_ISA_USAGE = YES_ERROR;
				CLANG_WARN_DOCUMENTATION_COMMENTS = YES;
				CLANG_WARN_EMPTY_BODY = YES;
				CLANG_WARN_ENUM_CONVERSION = YES;
				CLANG_WARN_INFINITE_RECURSION = YES;
				CLANG_WARN_INT_CONVERSION = YES;
				CLANG_WARN_NON_LITERAL_NULL_CONVERSION = YES;
				CLANG_WARN_OBJC_IMPLICIT_RETAIN_SELF = YES;
				CLANG_WARN_OBJC_LITERAL_CONVERSION = YES;
				CLANG_WARN_OBJC_ROOT_CLASS = YES_ERROR;
				CLANG_WARN_RANGE_LOOP_ANALYSIS = YES;
				CLANG_WARN_STRICT_PROTOTYPES = YES;
				CLANG_WARN_SUSPICIOUS_MOVE = YES;
				CLANG_WARN_UNGUARDED_AVAILABILITY = YES_AGGRESSIVE;
				CLANG_WARN_UNREACHABLE_CODE = YES;
				CLANG_WARN__DUPLICATE_METHOD_MATCH = YES;
				CODE_SIGN_IDENTITY = "iPhone Developer";
				COPY_PHASE_STRIP = NO;
				DEBUG_INFORMATION_FORMAT = "dwarf-with-dsym";
				ENABLE_NS_ASSERTIONS = NO;
				ENABLE_STRICT_OBJC_MSGSEND = YES;
				GCC_C_LANGUAGE_STANDARD = gnu11;
				GCC_NO_COMMON_BLOCKS = YES;
				GCC_WARN_64_TO_32_BIT_CONVERSION = YES;
				GCC_WARN_ABOUT_RETURN_TYPE = YES_ERROR;
				GCC_WARN_UNDECLARED_SELECTOR = YES;
				GCC_WARN_UNINITIALIZED_AUTOS = YES_AGGRESSIVE;
				GCC_WARN_UNUSED_FUNCTION = YES;
				GCC_WARN_UNUSED_VARIABLE = YES;
				IPHONEOS_DEPLOYMENT_TARGET = 12.1;
				MTL_ENABLE_DEBUG_INFO = NO;
				MTL_FAST_MATH = YES;
				SDKROOT = iphoneos;
				SWIFT_COMPILATION_MODE = wholemodule;
				SWIFT_OPTIMIZATION_LEVEL = "-O";
				VALIDATE_PRODUCT = YES;
			};
			name = Release;
		};
		4B917FF92209E9CE005BA346 /* Debug */ = {
			isa = XCBuildConfiguration;
			baseConfigurationReference = 655D855EB6EDD72087FB01E2 /* Pods-JTCalendar Implementation.debug.xcconfig */;
			buildSettings = {
				ASSETCATALOG_COMPILER_APPICON_NAME = AppIcon;
				CODE_SIGN_STYLE = Automatic;
				DEVELOPMENT_TEAM = 973SU6E9J4;
				INFOPLIST_FILE = "JTCalendar Implementation/Info.plist";
				LD_RUNPATH_SEARCH_PATHS = (
					"$(inherited)",
					"@executable_path/Frameworks",
				);
				PRODUCT_BUNDLE_IDENTIFIER = "com.riyomaulana.JTCalendar-Implementation";
				PRODUCT_NAME = "$(TARGET_NAME)";
				SWIFT_VERSION = 4.2;
				TARGETED_DEVICE_FAMILY = "1,2";
			};
			name = Debug;
		};
		4B917FFA2209E9CE005BA346 /* Release */ = {
			isa = XCBuildConfiguration;
			baseConfigurationReference = 67C411BCE65EF30EEFC534DE /* Pods-JTCalendar Implementation.release.xcconfig */;
			buildSettings = {
				ASSETCATALOG_COMPILER_APPICON_NAME = AppIcon;
				CODE_SIGN_STYLE = Automatic;
				DEVELOPMENT_TEAM = 973SU6E9J4;
				INFOPLIST_FILE = "JTCalendar Implementation/Info.plist";
				LD_RUNPATH_SEARCH_PATHS = (
					"$(inherited)",
					"@executable_path/Frameworks",
				);
				PRODUCT_BUNDLE_IDENTIFIER = "com.riyomaulana.JTCalendar-Implementation";
				PRODUCT_NAME = "$(TARGET_NAME)";
				SWIFT_VERSION = 4.2;
				TARGETED_DEVICE_FAMILY = "1,2";
			};
			name = Release;
		};
/* End XCBuildConfiguration section */

/* Begin XCConfigurationList section */
		4B917FDE2209E9CD005BA346 /* Build configuration list for PBXProject "JTCalendar Implementation" */ = {
			isa = XCConfigurationList;
			buildConfigurations = (
				4B917FF62209E9CE005BA346 /* Debug */,
				4B917FF72209E9CE005BA346 /* Release */,
			);
			defaultConfigurationIsVisible = 0;
			defaultConfigurationName = Release;
		};
		4B917FF82209E9CE005BA346 /* Build configuration list for PBXNativeTarget "JTCalendar Implementation" */ = {
			isa = XCConfigurationList;
			buildConfigurations = (
				4B917FF92209E9CE005BA346 /* Debug */,
				4B917FFA2209E9CE005BA346 /* Release */,
			);
			defaultConfigurationIsVisible = 0;
			defaultConfigurationName = Release;
		};
/* End XCConfigurationList section */

/* Begin XCVersionGroup section */
		4B917FED2209E9CD005BA346 /* JTCalendar_Implementation.xcdatamodeld */ = {
			isa = XCVersionGroup;
			children = (
				4B917FEE2209E9CD005BA346 /* JTCalendar_Implementation.xcdatamodel */,
			);
			currentVersion = 4B917FEE2209E9CD005BA346 /* JTCalendar_Implementation.xcdatamodel */;
			path = JTCalendar_Implementation.xcdatamodeld;
			sourceTree = "<group>";
			versionGroupType = wrapper.xcdatamodel;
		};
/* End XCVersionGroup section */
	};
	rootObject = 4B917FDB2209E9CD005BA346 /* Project object */;
}
